// !$*UTF8*$!
{
	archiveVersion = 1;
	classes = {
	};
	objectVersion = 50;
	objects = {

/* Begin PBXBuildFile section */
		F230B6552475A27800A78EA1 /* main.cpp in Sources */ = {isa = PBXBuildFile; fileRef = F230B6542475A27800A78EA1 /* main.cpp */; };
		F230B6602475A3F700A78EA1 /* libaf.3.6.4.dylib in Frameworks */ = {isa = PBXBuildFile; fileRef = F230B65C2475A30600A78EA1 /* libaf.3.6.4.dylib */; };
		F230B6622475A48200A78EA1 /* libcuda.dylib in Frameworks */ = {isa = PBXBuildFile; fileRef = F230B6612475A48200A78EA1 /* libcuda.dylib */; };
/* End PBXBuildFile section */

/* Begin PBXCopyFilesBuildPhase section */
		F230B64F2475A27800A78EA1 /* CopyFiles */ = {
			isa = PBXCopyFilesBuildPhase;
			buildActionMask = 2147483647;
			dstPath = /usr/share/man/man1/;
			dstSubfolderSpec = 0;
			files = (
			);
			runOnlyForDeploymentPostprocessing = 1;
		};
/* End PBXCopyFilesBuildPhase section */

/* Begin PBXFileReference section */
		F230B6512475A27800A78EA1 /* AFtemplate */ = {isa = PBXFileReference; explicitFileType = "compiled.mach-o.executable"; includeInIndex = 0; path = AFtemplate; sourceTree = BUILT_PRODUCTS_DIR; };
		F230B6542475A27800A78EA1 /* main.cpp */ = {isa = PBXFileReference; lastKnownFileType = sourcecode.cpp.cpp; path = main.cpp; sourceTree = "<group>"; };
		F230B65C2475A30600A78EA1 /* libaf.3.6.4.dylib */ = {isa = PBXFileReference; lastKnownFileType = "compiled.mach-o.dylib"; name = libaf.3.6.4.dylib; path = ../../../../opt/arrayfire/lib/libaf.3.6.4.dylib; sourceTree = "<group>"; };
		F230B65E2475A39700A78EA1 /* libafcpu.3.6.4.dylib */ = {isa = PBXFileReference; lastKnownFileType = "compiled.mach-o.dylib"; name = libafcpu.3.6.4.dylib; path = ../../../../opt/arrayfire/lib/libafcpu.3.6.4.dylib; sourceTree = "<group>"; };
		F230B6612475A48200A78EA1 /* libcuda.dylib */ = {isa = PBXFileReference; lastKnownFileType = "compiled.mach-o.dylib"; name = libcuda.dylib; path = ../../../../usr/local/cuda/lib/libcuda.dylib; sourceTree = "<group>"; };
/* End PBXFileReference section */

/* Begin PBXFrameworksBuildPhase section */
		F230B64E2475A27800A78EA1 /* Frameworks */ = {
			isa = PBXFrameworksBuildPhase;
			buildActionMask = 2147483647;
			files = (
				F230B6622475A48200A78EA1 /* libcuda.dylib in Frameworks */,
				F230B6602475A3F700A78EA1 /* libaf.3.6.4.dylib in Frameworks */,
			);
			runOnlyForDeploymentPostprocessing = 0;
		};
/* End PBXFrameworksBuildPhase section */

/* Begin PBXGroup section */
		F230B6482475A27800A78EA1 = {
			isa = PBXGroup;
			children = (
				F230B6532475A27800A78EA1 /* AFtemplate */,
				F230B6522475A27800A78EA1 /* Products */,
				F230B65B2475A30500A78EA1 /* Frameworks */,
			);
			sourceTree = "<group>";
		};
		F230B6522475A27800A78EA1 /* Products */ = {
			isa = PBXGroup;
			children = (
				F230B6512475A27800A78EA1 /* AFtemplate */,
			);
			name = Products;
			sourceTree = "<group>";
		};
		F230B6532475A27800A78EA1 /* AFtemplate */ = {
			isa = PBXGroup;
			children = (
				F230B6542475A27800A78EA1 /* main.cpp */,
			);
			path = AFtemplate;
			sourceTree = "<group>";
		};
		F230B65B2475A30500A78EA1 /* Frameworks */ = {
			isa = PBXGroup;
			children = (
				F230B6612475A48200A78EA1 /* libcuda.dylib */,
				F230B65E2475A39700A78EA1 /* libafcpu.3.6.4.dylib */,
				F230B65C2475A30600A78EA1 /* libaf.3.6.4.dylib */,
			);
			name = Frameworks;
			sourceTree = "<group>";
		};
/* End PBXGroup section */

/* Begin PBXNativeTarget section */
		F230B6502475A27800A78EA1 /* AFtemplate */ = {
			isa = PBXNativeTarget;
			buildConfigurationList = F230B6582475A27800A78EA1 /* Build configuration list for PBXNativeTarget "AFtemplate" */;
			buildPhases = (
				F230B64D2475A27800A78EA1 /* Sources */,
				F230B64E2475A27800A78EA1 /* Frameworks */,
				F230B64F2475A27800A78EA1 /* CopyFiles */,
			);
			buildRules = (
			);
			dependencies = (
			);
			name = AFtemplate;
			productName = AFtemplate;
			productReference = F230B6512475A27800A78EA1 /* AFtemplate */;
			productType = "com.apple.product-type.tool";
		};
/* End PBXNativeTarget section */

/* Begin PBXProject section */
		F230B6492475A27800A78EA1 /* Project object */ = {
			isa = PBXProject;
			attributes = {
				LastUpgradeCheck = 1140;
				ORGANIZATIONNAME = "Francesco Martina";
				TargetAttributes = {
					F230B6502475A27800A78EA1 = {
						CreatedOnToolsVersion = 11.4.1;
					};
				};
			};
			buildConfigurationList = F230B64C2475A27800A78EA1 /* Build configuration list for PBXProject "AFtemplate" */;
			compatibilityVersion = "Xcode 9.3";
			developmentRegion = en;
			hasScannedForEncodings = 0;
			knownRegions = (
				en,
				Base,
			);
			mainGroup = F230B6482475A27800A78EA1;
			productRefGroup = F230B6522475A27800A78EA1 /* Products */;
			projectDirPath = "";
			projectRoot = "";
			targets = (
				F230B6502475A27800A78EA1 /* AFtemplate */,
			);
		};
/* End PBXProject section */

/* Begin PBXSourcesBuildPhase section */
		F230B64D2475A27800A78EA1 /* Sources */ = {
			isa = PBXSourcesBuildPhase;
			buildActionMask = 2147483647;
			files = (
				F230B6552475A27800A78EA1 /* main.cpp in Sources */,
			);
			runOnlyForDeploymentPostprocessing = 0;
		};
/* End PBXSourcesBuildPhase section */

/* Begin XCBuildConfiguration section */
		F230B6562475A27800A78EA1 /* Debug */ = {
			isa = XCBuildConfiguration;
			buildSettings = {
				ALWAYS_SEARCH_USER_PATHS = NO;
				CLANG_ANALYZER_NONNULL = YES;
				CLANG_ANALYZER_NUMBER_OBJECT_CONVERSION = YES_AGGRESSIVE;
				CLANG_CXX_LANGUAGE_STANDARD = "gnu++14";
				CLANG_CXX_LIBRARY = "libc++";
				CLANG_ENABLE_MODULES = YES;
				CLANG_ENABLE_OBJC_ARC = YES;
				CLANG_ENABLE_OBJC_WEAK = YES;
				CLANG_WARN_BLOCK_CAPTURE_AUTORELEASING = YES;
				CLANG_WARN_BOOL_CONVERSION = YES;
				CLANG_WARN_COMMA = YES;
				CLANG_WARN_CONSTANT_CONVERSION = YES;
				CLANG_WARN_DEPRECATED_OBJC_IMPLEMENTATIONS = YES;
				CLANG_WARN_DIRECT_OBJC_ISA_USAGE = YES_ERROR;
				CLANG_WARN_DOCUMENTATION_COMMENTS = YES;
				CLANG_WARN_EMPTY_BODY = YES;
				CLANG_WARN_ENUM_CONVERSION = YES;
				CLANG_WARN_INFINITE_RECURSION = YES;
				CLANG_WARN_INT_CONVERSION = YES;
				CLANG_WARN_NON_LITERAL_NULL_CONVERSION = YES;
				CLANG_WARN_OBJC_IMPLICIT_RETAIN_SELF = YES;
				CLANG_WARN_OBJC_LITERAL_CONVERSION = YES;
				CLANG_WARN_OBJC_ROOT_CLASS = YES_ERROR;
				CLANG_WARN_RANGE_LOOP_ANALYSIS = YES;
				CLANG_WARN_STRICT_PROTOTYPES = YES;
				CLANG_WARN_SUSPICIOUS_MOVE = YES;
				CLANG_WARN_UNGUARDED_AVAILABILITY = YES_AGGRESSIVE;
				CLANG_WARN_UNREACHABLE_CODE = YES;
				CLANG_WARN__DUPLICATE_METHOD_MATCH = YES;
				COPY_PHASE_STRIP = NO;
				DEBUG_INFORMATION_FORMAT = dwarf;
				ENABLE_STRICT_OBJC_MSGSEND = YES;
				ENABLE_TESTABILITY = YES;
				GCC_C_LANGUAGE_STANDARD = gnu11;
				GCC_DYNAMIC_NO_PIC = NO;
				GCC_NO_COMMON_BLOCKS = YES;
				GCC_OPTIMIZATION_LEVEL = 0;
				GCC_PREPROCESSOR_DEFINITIONS = (
					"DEBUG=1",
					"$(inherited)",
				);
				GCC_WARN_64_TO_32_BIT_CONVERSION = YES;
				GCC_WARN_ABOUT_RETURN_TYPE = YES_ERROR;
				GCC_WARN_UNDECLARED_SELECTOR = YES;
				GCC_WARN_UNINITIALIZED_AUTOS = YES_AGGRESSIVE;
				GCC_WARN_UNUSED_FUNCTION = YES;
				GCC_WARN_UNUSED_VARIABLE = YES;
				MACOSX_DEPLOYMENT_TARGET = 10.15;
				MTL_ENABLE_DEBUG_INFO = INCLUDE_SOURCE;
				MTL_FAST_MATH = YES;
				ONLY_ACTIVE_ARCH = YES;
				SDKROOT = macosx;
			};
			name = Debug;
		};
		F230B6572475A27800A78EA1 /* Release */ = {
			isa = XCBuildConfiguration;
			buildSettings = {
				ALWAYS_SEARCH_USER_PATHS = NO;
				CLANG_ANALYZER_NONNULL = YES;
				CLANG_ANALYZER_NUMBER_OBJECT_CONVERSION = YES_AGGRESSIVE;
				CLANG_CXX_LANGUAGE_STANDARD = "gnu++14";
				CLANG_CXX_LIBRARY = "libc++";
				CLANG_ENABLE_MODULES = YES;
				CLANG_ENABLE_OBJC_ARC = YES;
				CLANG_ENABLE_OBJC_WEAK = YES;
				CLANG_WARN_BLOCK_CAPTURE_AUTORELEASING = YES;
				CLANG_WARN_BOOL_CONVERSION = YES;
				CLANG_WARN_COMMA = YES;
				CLANG_WARN_CONSTANT_CONVERSION = YES;
				CLANG_WARN_DEPRECATED_OBJC_IMPLEMENTATIONS = YES;
				CLANG_WARN_DIRECT_OBJC_ISA_USAGE = YES_ERROR;
				CLANG_WARN_DOCUMENTATION_COMMENTS = YES;
				CLANG_WARN_EMPTY_BODY = YES;
				CLANG_WARN_ENUM_CONVERSION = YES;
				CLANG_WARN_INFINITE_RECURSION = YES;
				CLANG_WARN_INT_CONVERSION = YES;
				CLANG_WARN_NON_LITERAL_NULL_CONVERSION = YES;
				CLANG_WARN_OBJC_IMPLICIT_RETAIN_SELF = YES;
				CLANG_WARN_OBJC_LITERAL_CONVERSION = YES;
				CLANG_WARN_OBJC_ROOT_CLASS = YES_ERROR;
				CLANG_WARN_RANGE_LOOP_ANALYSIS = YES;
				CLANG_WARN_STRICT_PROTOTYPES = YES;
				CLANG_WARN_SUSPICIOUS_MOVE = YES;
				CLANG_WARN_UNGUARDED_AVAILABILITY = YES_AGGRESSIVE;
				CLANG_WARN_UNREACHABLE_CODE = YES;
				CLANG_WARN__DUPLICATE_METHOD_MATCH = YES;
				COPY_PHASE_STRIP = NO;
				DEBUG_INFORMATION_FORMAT = "dwarf-with-dsym";
				ENABLE_NS_ASSERTIONS = NO;
				ENABLE_STRICT_OBJC_MSGSEND = YES;
				GCC_C_LANGUAGE_STANDARD = gnu11;
				GCC_NO_COMMON_BLOCKS = YES;
				GCC_WARN_64_TO_32_BIT_CONVERSION = YES;
				GCC_WARN_ABOUT_RETURN_TYPE = YES_ERROR;
				GCC_WARN_UNDECLARED_SELECTOR = YES;
				GCC_WARN_UNINITIALIZED_AUTOS = YES_AGGRESSIVE;
				GCC_WARN_UNUSED_FUNCTION = YES;
				GCC_WARN_UNUSED_VARIABLE = YES;
				MACOSX_DEPLOYMENT_TARGET = 10.15;
				MTL_ENABLE_DEBUG_INFO = NO;
				MTL_FAST_MATH = YES;
				SDKROOT = macosx;
			};
			name = Release;
		};
		F230B6592475A27800A78EA1 /* Debug */ = {
			isa = XCBuildConfiguration;
			buildSettings = {
				CODE_SIGN_STYLE = Automatic;
				HEADER_SEARCH_PATHS = /opt/arrayfire/include;
				LD_RUNPATH_SEARCH_PATHS = (
					/opt/arrayfire/lib,
					/usr/local/cuda/lib,
				);
				LIBRARY_SEARCH_PATHS = (
					"$(inherited)",
					/opt/arrayfire/lib,
					/usr/local/cuda/lib,
				);
				PRODUCT_NAME = "$(TARGET_NAME)";
			};
			name = Debug;
		};
		F230B65A2475A27800A78EA1 /* Release */ = {
			isa = XCBuildConfiguration;
			buildSettings = {
				CODE_SIGN_STYLE = Automatic;
				HEADER_SEARCH_PATHS = /opt/arrayfire/include;
				LD_RUNPATH_SEARCH_PATHS = (
					/opt/arrayfire/lib,
					/usr/local/cuda/lib,
				);
				LIBRARY_SEARCH_PATHS = (
					"$(inherited)",
					/opt/arrayfire/lib,
					/usr/local/cuda/lib,
				);
				PRODUCT_NAME = "$(TARGET_NAME)";
			};
			name = Release;
		};
/* End XCBuildConfiguration section */

/* Begin XCConfigurationList section */
		F230B64C2475A27800A78EA1 /* Build configuration list for PBXProject "AFtemplate" */ = {
			isa = XCConfigurationList;
			buildConfigurations = (
				F230B6562475A27800A78EA1 /* Debug */,
				F230B6572475A27800A78EA1 /* Release */,
			);
			defaultConfigurationIsVisible = 0;
			defaultConfigurationName = Release;
		};
		F230B6582475A27800A78EA1 /* Build configuration list for PBXNativeTarget "AFtemplate" */ = {
			isa = XCConfigurationList;
			buildConfigurations = (
				F230B6592475A27800A78EA1 /* Debug */,
				F230B65A2475A27800A78EA1 /* Release */,
			);
			defaultConfigurationIsVisible = 0;
			defaultConfigurationName = Release;
		};
/* End XCConfigurationList section */
	};
	rootObject = F230B6492475A27800A78EA1 /* Project object */;
}
